// !$*UTF8*$!
{
	archiveVersion = 1;
	classes = {
	};
	objectVersion = 56;
	objects = {

/* Begin PBXBuildFile section */
		FB40709E2B9D2C95001C10DE /* TestMLApp.swift in Sources */ = {isa = PBXBuildFile; fileRef = FB40709D2B9D2C95001C10DE /* TestMLApp.swift */; };
		FB4070A02B9D2C95001C10DE /* ContentView.swift in Sources */ = {isa = PBXBuildFile; fileRef = FB40709F2B9D2C95001C10DE /* ContentView.swift */; };
		FB4070A22B9D2C97001C10DE /* Assets.xcassets in Resources */ = {isa = PBXBuildFile; fileRef = FB4070A12B9D2C97001C10DE /* Assets.xcassets */; };
		FB4070A52B9D2C97001C10DE /* Preview Assets.xcassets in Resources */ = {isa = PBXBuildFile; fileRef = FB4070A42B9D2C97001C10DE /* Preview Assets.xcassets */; };
		FB4070AD2B9D3ADB001C10DE /* Model.swift in Sources */ = {isa = PBXBuildFile; fileRef = FB4070AC2B9D3ADB001C10DE /* Model.swift */; };
		FB4070B12B9D4436001C10DE /* ML_Functional1.mlmodel in Sources */ = {isa = PBXBuildFile; fileRef = FB4070B02B9D4436001C10DE /* ML_Functional1.mlmodel */; };
		FB4070B32B9D5BC5001C10DE /* SendRequest.swift in Sources */ = {isa = PBXBuildFile; fileRef = FB4070B22B9D5BC5001C10DE /* SendRequest.swift */; };
		FBA5E09E2B9D6A7200E7F816 /* PhotosModel.swift in Sources */ = {isa = PBXBuildFile; fileRef = FBA5E09D2B9D6A7200E7F816 /* PhotosModel.swift */; };
/* End PBXBuildFile section */

/* Begin PBXFileReference section */
		FB40709A2B9D2C95001C10DE /* TestML.app */ = {isa = PBXFileReference; explicitFileType = wrapper.application; includeInIndex = 0; path = TestML.app; sourceTree = BUILT_PRODUCTS_DIR; };
		FB40709D2B9D2C95001C10DE /* TestMLApp.swift */ = {isa = PBXFileReference; lastKnownFileType = sourcecode.swift; path = TestMLApp.swift; sourceTree = "<group>"; };
		FB40709F2B9D2C95001C10DE /* ContentView.swift */ = {isa = PBXFileReference; lastKnownFileType = sourcecode.swift; path = ContentView.swift; sourceTree = "<group>"; };
		FB4070A12B9D2C97001C10DE /* Assets.xcassets */ = {isa = PBXFileReference; lastKnownFileType = folder.assetcatalog; path = Assets.xcassets; sourceTree = "<group>"; };
		FB4070A42B9D2C97001C10DE /* Preview Assets.xcassets */ = {isa = PBXFileReference; lastKnownFileType = folder.assetcatalog; path = "Preview Assets.xcassets"; sourceTree = "<group>"; };
		FB4070AC2B9D3ADB001C10DE /* Model.swift */ = {isa = PBXFileReference; lastKnownFileType = sourcecode.swift; path = Model.swift; sourceTree = "<group>"; };
		FB4070B02B9D4436001C10DE /* ML_Functional1.mlmodel */ = {isa = PBXFileReference; lastKnownFileType = file.mlmodel; name = ML_Functional1.mlmodel; path = TestML/ML_Functional1.mlmodel; sourceTree = SOURCE_ROOT; };
		FB4070B22B9D5BC5001C10DE /* SendRequest.swift */ = {isa = PBXFileReference; lastKnownFileType = sourcecode.swift; path = SendRequest.swift; sourceTree = "<group>"; };
		FBA5E09D2B9D6A7200E7F816 /* PhotosModel.swift */ = {isa = PBXFileReference; lastKnownFileType = sourcecode.swift; path = PhotosModel.swift; sourceTree = "<group>"; };
/* End PBXFileReference section */

/* Begin PBXFrameworksBuildPhase section */
		FB4070972B9D2C95001C10DE /* Frameworks */ = {
			isa = PBXFrameworksBuildPhase;
			buildActionMask = 2147483647;
			files = (
			);
			runOnlyForDeploymentPostprocessing = 0;
		};
/* End PBXFrameworksBuildPhase section */

/* Begin PBXGroup section */
		FB4070912B9D2C95001C10DE = {
			isa = PBXGroup;
			children = (
				FB40709C2B9D2C95001C10DE /* TestML */,
				FB40709B2B9D2C95001C10DE /* Products */,
			);
			sourceTree = "<group>";
		};
		FB40709B2B9D2C95001C10DE /* Products */ = {
			isa = PBXGroup;
			children = (
				FB40709A2B9D2C95001C10DE /* TestML.app */,
			);
			name = Products;
			sourceTree = "<group>";
		};
		FB40709C2B9D2C95001C10DE /* TestML */ = {
			isa = PBXGroup;
			children = (
				FB8164AE2B9DA2A000E86E1F /* New Group */,
				FB4070B42B9D6674001C10DE /* TakeReportPicture */,
				FB40709D2B9D2C95001C10DE /* TestMLApp.swift */,
				FB4070AB2B9D379D001C10DE /* MLModel */,
				FB4070A12B9D2C97001C10DE /* Assets.xcassets */,
				FB4070A32B9D2C97001C10DE /* Preview Content */,
			);
			path = TestML;
			sourceTree = "<group>";
		};
		FB4070A32B9D2C97001C10DE /* Preview Content */ = {
			isa = PBXGroup;
			children = (
				FB4070A42B9D2C97001C10DE /* Preview Assets.xcassets */,
			);
			path = "Preview Content";
			sourceTree = "<group>";
		};
		FB4070AB2B9D379D001C10DE /* MLModel */ = {
			isa = PBXGroup;
			children = (
				FB4070AC2B9D3ADB001C10DE /* Model.swift */,
				FB4070B22B9D5BC5001C10DE /* SendRequest.swift */,
				FB4070B02B9D4436001C10DE /* ML_Functional1.mlmodel */,
			);
			path = MLModel;
			sourceTree = "<group>";
		};
		FB4070B42B9D6674001C10DE /* TakeReportPicture */ = {
			isa = PBXGroup;
			children = (
				FB40709F2B9D2C95001C10DE /* ContentView.swift */,
				FBA5E09D2B9D6A7200E7F816 /* PhotosModel.swift */,
			);
			path = TakeReportPicture;
			sourceTree = "<group>";
		};
		FB8164AE2B9DA2A000E86E1F /* New Group */ = {
			isa = PBXGroup;
			children = (
			);
			path = "New Group";
			sourceTree = "<group>";
		};
/* End PBXGroup section */

/* Begin PBXNativeTarget section */
		FB4070992B9D2C95001C10DE /* TestML */ = {
			isa = PBXNativeTarget;
			buildConfigurationList = FB4070A82B9D2C97001C10DE /* Build configuration list for PBXNativeTarget "TestML" */;
			buildPhases = (
				FB4070962B9D2C95001C10DE /* Sources */,
				FB4070972B9D2C95001C10DE /* Frameworks */,
				FB4070982B9D2C95001C10DE /* Resources */,
			);
			buildRules = (
			);
			dependencies = (
			);
			name = TestML;
			productName = TestML;
			productReference = FB40709A2B9D2C95001C10DE /* TestML.app */;
			productType = "com.apple.product-type.application";
		};
/* End PBXNativeTarget section */

/* Begin PBXProject section */
		FB4070922B9D2C95001C10DE /* Project object */ = {
			isa = PBXProject;
			attributes = {
				BuildIndependentTargetsInParallel = 1;
				LastSwiftUpdateCheck = 1530;
				LastUpgradeCheck = 1530;
				TargetAttributes = {
					FB4070992B9D2C95001C10DE = {
						CreatedOnToolsVersion = 15.3;
					};
				};
			};
			buildConfigurationList = FB4070952B9D2C95001C10DE /* Build configuration list for PBXProject "TestML" */;
			compatibilityVersion = "Xcode 14.0";
			developmentRegion = en;
			hasScannedForEncodings = 0;
			knownRegions = (
				en,
				Base,
			);
			mainGroup = FB4070912B9D2C95001C10DE;
			productRefGroup = FB40709B2B9D2C95001C10DE /* Products */;
			projectDirPath = "";
			projectRoot = "";
			targets = (
				FB4070992B9D2C95001C10DE /* TestML */,
			);
		};
/* End PBXProject section */

/* Begin PBXResourcesBuildPhase section */
		FB4070982B9D2C95001C10DE /* Resources */ = {
			isa = PBXResourcesBuildPhase;
			buildActionMask = 2147483647;
			files = (
				FB4070A52B9D2C97001C10DE /* Preview Assets.xcassets in Resources */,
				FB4070A22B9D2C97001C10DE /* Assets.xcassets in Resources */,
			);
			runOnlyForDeploymentPostprocessing = 0;
		};
/* End PBXResourcesBuildPhase section */

/* Begin PBXSourcesBuildPhase section */
		FB4070962B9D2C95001C10DE /* Sources */ = {
			isa = PBXSourcesBuildPhase;
			buildActionMask = 2147483647;
			files = (
				FB4070AD2B9D3ADB001C10DE /* Model.swift in Sources */,
				FB4070A02B9D2C95001C10DE /* ContentView.swift in Sources */,
				FBA5E09E2B9D6A7200E7F816 /* PhotosModel.swift in Sources */,
				FB4070B12B9D4436001C10DE /* ML_Functional1.mlmodel in Sources */,
				FB4070B32B9D5BC5001C10DE /* SendRequest.swift in Sources */,
				FB40709E2B9D2C95001C10DE /* TestMLApp.swift in Sources */,
			);
			runOnlyForDeploymentPostprocessing = 0;
		};
/* End PBXSourcesBuildPhase section */

/* Begin XCBuildConfiguration section */
		FB4070A62B9D2C97001C10DE /* Debug */ = {
			isa = XCBuildConfiguration;
			buildSettings = {
				ALWAYS_SEARCH_USER_PATHS = NO;
				ASSETCATALOG_COMPILER_GENERATE_SWIFT_ASSET_SYMBOL_EXTENSIONS = YES;
				CLANG_ANALYZER_NONNULL = YES;
				CLANG_ANALYZER_NUMBER_OBJECT_CONVERSION = YES_AGGRESSIVE;
				CLANG_CXX_LANGUAGE_STANDARD = "gnu++20";
				CLANG_ENABLE_MODULES = YES;
				CLANG_ENABLE_OBJC_ARC = YES;
				CLANG_ENABLE_OBJC_WEAK = YES;
				CLANG_WARN_BLOCK_CAPTURE_AUTORELEASING = YES;
				CLANG_WARN_BOOL_CONVERSION = YES;
				CLANG_WARN_COMMA = YES;
				CLANG_WARN_CONSTANT_CONVERSION = YES;
				CLANG_WARN_DEPRECATED_OBJC_IMPLEMENTATIONS = YES;
				CLANG_WARN_DIRECT_OBJC_ISA_USAGE = YES_ERROR;
				CLANG_WARN_DOCUMENTATION_COMMENTS = YES;
				CLANG_WARN_EMPTY_BODY = YES;
				CLANG_WARN_ENUM_CONVERSION = YES;
				CLANG_WARN_INFINITE_RECURSION = YES;
				CLANG_WARN_INT_CONVERSION = YES;
				CLANG_WARN_NON_LITERAL_NULL_CONVERSION = YES;
				CLANG_WARN_OBJC_IMPLICIT_RETAIN_SELF = YES;
				CLANG_WARN_OBJC_LITERAL_CONVERSION = YES;
				CLANG_WARN_OBJC_ROOT_CLASS = YES_ERROR;
				CLANG_WARN_QUOTED_INCLUDE_IN_FRAMEWORK_HEADER = YES;
				CLANG_WARN_RANGE_LOOP_ANALYSIS = YES;
				CLANG_WARN_STRICT_PROTOTYPES = YES;
				CLANG_WARN_SUSPICIOUS_MOVE = YES;
				CLANG_WARN_UNGUARDED_AVAILABILITY = YES_AGGRESSIVE;
				CLANG_WARN_UNREACHABLE_CODE = YES;
				CLANG_WARN__DUPLICATE_METHOD_MATCH = YES;
				COPY_PHASE_STRIP = NO;
				DEBUG_INFORMATION_FORMAT = dwarf;
				ENABLE_STRICT_OBJC_MSGSEND = YES;
				ENABLE_TESTABILITY = YES;
				ENABLE_USER_SCRIPT_SANDBOXING = YES;
				GCC_C_LANGUAGE_STANDARD = gnu17;
				GCC_DYNAMIC_NO_PIC = NO;
				GCC_NO_COMMON_BLOCKS = YES;
				GCC_OPTIMIZATION_LEVEL = 0;
				GCC_PREPROCESSOR_DEFINITIONS = (
					"DEBUG=1",
					"$(inherited)",
				);
				GCC_WARN_64_TO_32_BIT_CONVERSION = YES;
				GCC_WARN_ABOUT_RETURN_TYPE = YES_ERROR;
				GCC_WARN_UNDECLARED_SELECTOR = YES;
				GCC_WARN_UNINITIALIZED_AUTOS = YES_AGGRESSIVE;
				GCC_WARN_UNUSED_FUNCTION = YES;
				GCC_WARN_UNUSED_VARIABLE = YES;
				IPHONEOS_DEPLOYMENT_TARGET = 17.4;
				LOCALIZATION_PREFERS_STRING_CATALOGS = YES;
				MTL_ENABLE_DEBUG_INFO = INCLUDE_SOURCE;
				MTL_FAST_MATH = YES;
				ONLY_ACTIVE_ARCH = YES;
				SDKROOT = iphoneos;
				SWIFT_ACTIVE_COMPILATION_CONDITIONS = "DEBUG $(inherited)";
				SWIFT_OPTIMIZATION_LEVEL = "-Onone";
			};
			name = Debug;
		};
		FB4070A72B9D2C97001C10DE /* Release */ = {
			isa = XCBuildConfiguration;
			buildSettings = {
				ALWAYS_SEARCH_USER_PATHS = NO;
				ASSETCATALOG_COMPILER_GENERATE_SWIFT_ASSET_SYMBOL_EXTENSIONS = YES;
				CLANG_ANALYZER_NONNULL = YES;
				CLANG_ANALYZER_NUMBER_OBJECT_CONVERSION = YES_AGGRESSIVE;
				CLANG_CXX_LANGUAGE_STANDARD = "gnu++20";
				CLANG_ENABLE_MODULES = YES;
				CLANG_ENABLE_OBJC_ARC = YES;
				CLANG_ENABLE_OBJC_WEAK = YES;
				CLANG_WARN_BLOCK_CAPTURE_AUTORELEASING = YES;
				CLANG_WARN_BOOL_CONVERSION = YES;
				CLANG_WARN_COMMA = YES;
				CLANG_WARN_CONSTANT_CONVERSION = YES;
				CLANG_WARN_DEPRECATED_OBJC_IMPLEMENTATIONS = YES;
				CLANG_WARN_DIRECT_OBJC_ISA_USAGE = YES_ERROR;
				CLANG_WARN_DOCUMENTATION_COMMENTS = YES;
				CLANG_WARN_EMPTY_BODY = YES;
				CLANG_WARN_ENUM_CONVERSION = YES;
				CLANG_WARN_INFINITE_RECURSION = YES;
				CLANG_WARN_INT_CONVERSION = YES;
				CLANG_WARN_NON_LITERAL_NULL_CONVERSION = YES;
				CLANG_WARN_OBJC_IMPLICIT_RETAIN_SELF = YES;
				CLANG_WARN_OBJC_LITERAL_CONVERSION = YES;
				CLANG_WARN_OBJC_ROOT_CLASS = YES_ERROR;
				CLANG_WARN_QUOTED_INCLUDE_IN_FRAMEWORK_HEADER = YES;
				CLANG_WARN_RANGE_LOOP_ANALYSIS = YES;
				CLANG_WARN_STRICT_PROTOTYPES = YES;
				CLANG_WARN_SUSPICIOUS_MOVE = YES;
				CLANG_WARN_UNGUARDED_AVAILABILITY = YES_AGGRESSIVE;
				CLANG_WARN_UNREACHABLE_CODE = YES;
				CLANG_WARN__DUPLICATE_METHOD_MATCH = YES;
				COPY_PHASE_STRIP = NO;
				DEBUG_INFORMATION_FORMAT = "dwarf-with-dsym";
				ENABLE_NS_ASSERTIONS = NO;
				ENABLE_STRICT_OBJC_MSGSEND = YES;
				ENABLE_USER_SCRIPT_SANDBOXING = YES;
				GCC_C_LANGUAGE_STANDARD = gnu17;
				GCC_NO_COMMON_BLOCKS = YES;
				GCC_WARN_64_TO_32_BIT_CONVERSION = YES;
				GCC_WARN_ABOUT_RETURN_TYPE = YES_ERROR;
				GCC_WARN_UNDECLARED_SELECTOR = YES;
				GCC_WARN_UNINITIALIZED_AUTOS = YES_AGGRESSIVE;
				GCC_WARN_UNUSED_FUNCTION = YES;
				GCC_WARN_UNUSED_VARIABLE = YES;
				IPHONEOS_DEPLOYMENT_TARGET = 17.4;
				LOCALIZATION_PREFERS_STRING_CATALOGS = YES;
				MTL_ENABLE_DEBUG_INFO = NO;
				MTL_FAST_MATH = YES;
				SDKROOT = iphoneos;
				SWIFT_COMPILATION_MODE = wholemodule;
				VALIDATE_PRODUCT = YES;
			};
			name = Release;
		};
		FB4070A92B9D2C97001C10DE /* Debug */ = {
			isa = XCBuildConfiguration;
			buildSettings = {
				ASSETCATALOG_COMPILER_APPICON_NAME = AppIcon;
				ASSETCATALOG_COMPILER_GLOBAL_ACCENT_COLOR_NAME = AccentColor;
				CODE_SIGN_STYLE = Automatic;
				CURRENT_PROJECT_VERSION = 1;
				DEVELOPMENT_ASSET_PATHS = "\"TestML/Preview Content\"";
				ENABLE_PREVIEWS = YES;
				GENERATE_INFOPLIST_FILE = YES;
				INFOPLIST_KEY_NSCameraUsageDescription = "Allow access to camera";
				INFOPLIST_KEY_UIApplicationSceneManifest_Generation = YES;
				INFOPLIST_KEY_UIApplicationSupportsIndirectInputEvents = YES;
				INFOPLIST_KEY_UILaunchScreen_Generation = YES;
				INFOPLIST_KEY_UISupportedInterfaceOrientations_iPad = "UIInterfaceOrientationPortrait UIInterfaceOrientationPortraitUpsideDown UIInterfaceOrientationLandscapeLeft UIInterfaceOrientationLandscapeRight";
				INFOPLIST_KEY_UISupportedInterfaceOrientations_iPhone = "UIInterfaceOrientationPortrait UIInterfaceOrientationLandscapeLeft UIInterfaceOrientationLandscapeRight";
				LD_RUNPATH_SEARCH_PATHS = (
					"$(inherited)",
					"@executable_path/Frameworks",
				);
				MARKETING_VERSION = 1.0;
				PRODUCT_BUNDLE_IDENTIFIER = mx.tec.TestML;
				PRODUCT_NAME = "$(TARGET_NAME)";
				SWIFT_EMIT_LOC_STRINGS = YES;
				SWIFT_VERSION = 5.0;
				TARGETED_DEVICE_FAMILY = "1,2";
			};
			name = Debug;
		};
		FB4070AA2B9D2C97001C10DE /* Release */ = {
			isa = XCBuildConfiguration;
			buildSettings = {
				ASSETCATALOG_COMPILER_APPICON_NAME = AppIcon;
				ASSETCATALOG_COMPILER_GLOBAL_ACCENT_COLOR_NAME = AccentColor;
				CODE_SIGN_STYLE = Automatic;
				CURRENT_PROJECT_VERSION = 1;
				DEVELOPMENT_ASSET_PATHS = "\"TestML/Preview Content\"";
				ENABLE_PREVIEWS = YES;
				GENERATE_INFOPLIST_FILE = YES;
				INFOPLIST_KEY_NSCameraUsageDescription = "Allow access to camera";
				INFOPLIST_KEY_UIApplicationSceneManifest_Generation = YES;
				INFOPLIST_KEY_UIApplicationSupportsIndirectInputEvents = YES;
				INFOPLIST_KEY_UILaunchScreen_Generation = YES;
				INFOPLIST_KEY_UISupportedInterfaceOrientations_iPad = "UIInterfaceOrientationPortrait UIInterfaceOrientationPortraitUpsideDown UIInterfaceOrientationLandscapeLeft UIInterfaceOrientationLandscapeRight";
				INFOPLIST_KEY_UISupportedInterfaceOrientations_iPhone = "UIInterfaceOrientationPortrait UIInterfaceOrientationLandscapeLeft UIInterfaceOrientationLandscapeRight";
				LD_RUNPATH_SEARCH_PATHS = (
					"$(inherited)",
					"@executable_path/Frameworks",
				);
				MARKETING_VERSION = 1.0;
				PRODUCT_BUNDLE_IDENTIFIER = mx.tec.TestML;
				PRODUCT_NAME = "$(TARGET_NAME)";
				SWIFT_EMIT_LOC_STRINGS = YES;
				SWIFT_VERSION = 5.0;
				TARGETED_DEVICE_FAMILY = "1,2";
			};
			name = Release;
		};
/* End XCBuildConfiguration section */

/* Begin XCConfigurationList section */
		FB4070952B9D2C95001C10DE /* Build configuration list for PBXProject "TestML" */ = {
			isa = XCConfigurationList;
			buildConfigurations = (
				FB4070A62B9D2C97001C10DE /* Debug */,
				FB4070A72B9D2C97001C10DE /* Release */,
			);
			defaultConfigurationIsVisible = 0;
			defaultConfigurationName = Release;
		};
		FB4070A82B9D2C97001C10DE /* Build configuration list for PBXNativeTarget "TestML" */ = {
			isa = XCConfigurationList;
			buildConfigurations = (
				FB4070A92B9D2C97001C10DE /* Debug */,
				FB4070AA2B9D2C97001C10DE /* Release */,
			);
			defaultConfigurationIsVisible = 0;
			defaultConfigurationName = Release;
		};
/* End XCConfigurationList section */
	};
	rootObject = FB4070922B9D2C95001C10DE /* Project object */;
}
